
Microsoft Visual Studio Solution File, Format Version 12.00
# Visual Studio Version 17
VisualStudioVersion = 17.11.35327.3
MinimumVisualStudioVersion = 10.0.40219.1
Project("{9A19103F-16F7-4668-BE54-9A1E7A4F7556}") = "ServicePetCarePlanner.WebApi", "Presentation\ServicePetCarePlanner.WebApi\ServicePetCarePlanner.WebApi.csproj", "{19866B17-696E-403F-8735-A1F7DADF036C}"
EndProject
Project("{2150E333-8FDC-42A3-9474-1A3956D46DE8}") = "Infrastructure", "Infrastructure", "{29D9D8F2-D19B-4488-B6F2-DDEC923B7F88}"
EndProject
Project("{2150E333-8FDC-42A3-9474-1A3956D46DE8}") = "Presentation", "Presentation", "{B6206B59-7C9A-4FCC-896C-B7C155BF5882}"
EndProject
Project("{9A19103F-16F7-4668-BE54-9A1E7A4F7556}") = "ServicePetCarePlanner.Domain", "ServicePetCarePlanner.Domain\ServicePetCarePlanner.Domain.csproj", "{4AFD6EB5-0AEB-4CA5-820A-E3C458049678}"
EndProject
Project("{9A19103F-16F7-4668-BE54-9A1E7A4F7556}") = "ServicePetCarePlanner.DataEntityFramework", "Infrastructure\ServicePetCarePlanner.DataEntityFramework\ServicePetCarePlanner.DataEntityFramework.csproj", "{CDC6484D-703A-485A-8629-2C67F2C9EC00}"
EndProject
Global
	GlobalSection(SolutionConfigurationPlatforms) = preSolution
		Debug|Any CPU = Debug|Any CPU
		Release|Any CPU = Release|Any CPU
	EndGlobalSection
	GlobalSection(ProjectConfigurationPlatforms) = postSolution
		{19866B17-696E-403F-8735-A1F7DADF036C}.Debug|Any CPU.ActiveCfg = Debug|Any CPU
		{19866B17-696E-403F-8735-A1F7DADF036C}.Debug|Any CPU.Build.0 = Debug|Any CPU
		{19866B17-696E-403F-8735-A1F7DADF036C}.Release|Any CPU.ActiveCfg = Release|Any CPU
		{19866B17-696E-403F-8735-A1F7DADF036C}.Release|Any CPU.Build.0 = Release|Any CPU
		{4AFD6EB5-0AEB-4CA5-820A-E3C458049678}.Debug|Any CPU.ActiveCfg = Debug|Any CPU
		{4AFD6EB5-0AEB-4CA5-820A-E3C458049678}.Debug|Any CPU.Build.0 = Debug|Any CPU
		{4AFD6EB5-0AEB-4CA5-820A-E3C458049678}.Release|Any CPU.ActiveCfg = Release|Any CPU
		{4AFD6EB5-0AEB-4CA5-820A-E3C458049678}.Release|Any CPU.Build.0 = Release|Any CPU
		{CDC6484D-703A-485A-8629-2C67F2C9EC00}.Debug|Any CPU.ActiveCfg = Debug|Any CPU
		{CDC6484D-703A-485A-8629-2C67F2C9EC00}.Debug|Any CPU.Build.0 = Debug|Any CPU
		{CDC6484D-703A-485A-8629-2C67F2C9EC00}.Release|Any CPU.ActiveCfg = Release|Any CPU
		{CDC6484D-703A-485A-8629-2C67F2C9EC00}.Release|Any CPU.Build.0 = Release|Any CPU
	EndGlobalSection
	GlobalSection(SolutionProperties) = preSolution
		HideSolutionNode = FALSE
	EndGlobalSection
	GlobalSection(NestedProjects) = preSolution
		{19866B17-696E-403F-8735-A1F7DADF036C} = {B6206B59-7C9A-4FCC-896C-B7C155BF5882}
		{CDC6484D-703A-485A-8629-2C67F2C9EC00} = {29D9D8F2-D19B-4488-B6F2-DDEC923B7F88}
	EndGlobalSection
	GlobalSection(ExtensibilityGlobals) = postSolution
		SolutionGuid = {85CC31DF-26C4-40CC-B935-ACF4B8938AE8}
	EndGlobalSection
EndGlobal
